// !$*UTF8*$!
{
	archiveVersion = 1;
	classes = {
	};
	objectVersion = 55;
	objects = {

/* Begin PBXBuildFile section */
		C538B56E281DCB770030D529 /* AppDelegate.swift in Sources */ = {isa = PBXBuildFile; fileRef = C538B56D281DCB770030D529 /* AppDelegate.swift */; };
		C538B570281DCB770030D529 /* SceneDelegate.swift in Sources */ = {isa = PBXBuildFile; fileRef = C538B56F281DCB770030D529 /* SceneDelegate.swift */; };
		C538B572281DCB770030D529 /* ViewController.swift in Sources */ = {isa = PBXBuildFile; fileRef = C538B571281DCB770030D529 /* ViewController.swift */; };
		C538B575281DCB770030D529 /* Main.storyboard in Resources */ = {isa = PBXBuildFile; fileRef = C538B573281DCB770030D529 /* Main.storyboard */; };
		C538B577281DCB780030D529 /* Assets.xcassets in Resources */ = {isa = PBXBuildFile; fileRef = C538B576281DCB780030D529 /* Assets.xcassets */; };
		C538B57A281DCB780030D529 /* LaunchScreen.storyboard in Resources */ = {isa = PBXBuildFile; fileRef = C538B578281DCB780030D529 /* LaunchScreen.storyboard */; };
		C538B585281DCB780030D529 /* TodayTests.swift in Sources */ = {isa = PBXBuildFile; fileRef = C538B584281DCB780030D529 /* TodayTests.swift */; };
		C538B58F281DCB780030D529 /* TodayUITests.swift in Sources */ = {isa = PBXBuildFile; fileRef = C538B58E281DCB780030D529 /* TodayUITests.swift */; };
		C538B591281DCB780030D529 /* TodayUITestsLaunchTests.swift in Sources */ = {isa = PBXBuildFile; fileRef = C538B590281DCB780030D529 /* TodayUITestsLaunchTests.swift */; };
/* End PBXBuildFile section */

/* Begin PBXContainerItemProxy section */
		C538B581281DCB780030D529 /* PBXContainerItemProxy */ = {
			isa = PBXContainerItemProxy;
			containerPortal = C538B562281DCB770030D529 /* Project object */;
			proxyType = 1;
			remoteGlobalIDString = C538B569281DCB770030D529;
			remoteInfo = Today;
		};
		C538B58B281DCB780030D529 /* PBXContainerItemProxy */ = {
			isa = PBXContainerItemProxy;
			containerPortal = C538B562281DCB770030D529 /* Project object */;
			proxyType = 1;
			remoteGlobalIDString = C538B569281DCB770030D529;
			remoteInfo = Today;
		};
/* End PBXContainerItemProxy section */

/* Begin PBXFileReference section */
		C538B56A281DCB770030D529 /* Today.app */ = {isa = PBXFileReference; explicitFileType = wrapper.application; includeInIndex = 0; path = Today.app; sourceTree = BUILT_PRODUCTS_DIR; };
		C538B56D281DCB770030D529 /* AppDelegate.swift */ = {isa = PBXFileReference; lastKnownFileType = sourcecode.swift; path = AppDelegate.swift; sourceTree = "<group>"; };
		C538B56F281DCB770030D529 /* SceneDelegate.swift */ = {isa = PBXFileReference; lastKnownFileType = sourcecode.swift; path = SceneDelegate.swift; sourceTree = "<group>"; };
		C538B571281DCB770030D529 /* ViewController.swift */ = {isa = PBXFileReference; lastKnownFileType = sourcecode.swift; path = ViewController.swift; sourceTree = "<group>"; };
		C538B574281DCB770030D529 /* Base */ = {isa = PBXFileReference; lastKnownFileType = file.storyboard; name = Base; path = Base.lproj/Main.storyboard; sourceTree = "<group>"; };
		C538B576281DCB780030D529 /* Assets.xcassets */ = {isa = PBXFileReference; lastKnownFileType = folder.assetcatalog; path = Assets.xcassets; sourceTree = "<group>"; };
		C538B579281DCB780030D529 /* Base */ = {isa = PBXFileReference; lastKnownFileType = file.storyboard; name = Base; path = Base.lproj/LaunchScreen.storyboard; sourceTree = "<group>"; };
		C538B57B281DCB780030D529 /* Info.plist */ = {isa = PBXFileReference; lastKnownFileType = text.plist.xml; path = Info.plist; sourceTree = "<group>"; };
		C538B580281DCB780030D529 /* TodayTests.xctest */ = {isa = PBXFileReference; explicitFileType = wrapper.cfbundle; includeInIndex = 0; path = TodayTests.xctest; sourceTree = BUILT_PRODUCTS_DIR; };
		C538B584281DCB780030D529 /* TodayTests.swift */ = {isa = PBXFileReference; lastKnownFileType = sourcecode.swift; path = TodayTests.swift; sourceTree = "<group>"; };
		C538B58A281DCB780030D529 /* TodayUITests.xctest */ = {isa = PBXFileReference; explicitFileType = wrapper.cfbundle; includeInIndex = 0; path = TodayUITests.xctest; sourceTree = BUILT_PRODUCTS_DIR; };
		C538B58E281DCB780030D529 /* TodayUITests.swift */ = {isa = PBXFileReference; lastKnownFileType = sourcecode.swift; path = TodayUITests.swift; sourceTree = "<group>"; };
		C538B590281DCB780030D529 /* TodayUITestsLaunchTests.swift */ = {isa = PBXFileReference; lastKnownFileType = sourcecode.swift; path = TodayUITestsLaunchTests.swift; sourceTree = "<group>"; };
/* End PBXFileReference section */

/* Begin PBXFrameworksBuildPhase section */
		C538B567281DCB770030D529 /* Frameworks */ = {
			isa = PBXFrameworksBuildPhase;
			buildActionMask = 2147483647;
			files = (
			);
			runOnlyForDeploymentPostprocessing = 0;
		};
		C538B57D281DCB780030D529 /* Frameworks */ = {
			isa = PBXFrameworksBuildPhase;
			buildActionMask = 2147483647;
			files = (
			);
			runOnlyForDeploymentPostprocessing = 0;
		};
		C538B587281DCB780030D529 /* Frameworks */ = {
			isa = PBXFrameworksBuildPhase;
			buildActionMask = 2147483647;
			files = (
			);
			runOnlyForDeploymentPostprocessing = 0;
		};
/* End PBXFrameworksBuildPhase section */

/* Begin PBXGroup section */
		C538B561281DCB770030D529 = {
			isa = PBXGroup;
			children = (
				C538B56C281DCB770030D529 /* Today */,
				C538B583281DCB780030D529 /* TodayTests */,
				C538B58D281DCB780030D529 /* TodayUITests */,
				C538B56B281DCB770030D529 /* Products */,
			);
			sourceTree = "<group>";
		};
		C538B56B281DCB770030D529 /* Products */ = {
			isa = PBXGroup;
			children = (
				C538B56A281DCB770030D529 /* Today.app */,
				C538B580281DCB780030D529 /* TodayTests.xctest */,
				C538B58A281DCB780030D529 /* TodayUITests.xctest */,
			);
			name = Products;
			sourceTree = "<group>";
		};
		C538B56C281DCB770030D529 /* Today */ = {
			isa = PBXGroup;
			children = (
				C538B56D281DCB770030D529 /* AppDelegate.swift */,
				C538B56F281DCB770030D529 /* SceneDelegate.swift */,
				C538B571281DCB770030D529 /* ViewController.swift */,
				C538B573281DCB770030D529 /* Main.storyboard */,
				C538B576281DCB780030D529 /* Assets.xcassets */,
				C538B578281DCB780030D529 /* LaunchScreen.storyboard */,
				C538B57B281DCB780030D529 /* Info.plist */,
			);
			path = Today;
			sourceTree = "<group>";
		};
		C538B583281DCB780030D529 /* TodayTests */ = {
			isa = PBXGroup;
			children = (
				C538B584281DCB780030D529 /* TodayTests.swift */,
			);
			path = TodayTests;
			sourceTree = "<group>";
		};
		C538B58D281DCB780030D529 /* TodayUITests */ = {
			isa = PBXGroup;
			children = (
				C538B58E281DCB780030D529 /* TodayUITests.swift */,
				C538B590281DCB780030D529 /* TodayUITestsLaunchTests.swift */,
			);
			path = TodayUITests;
			sourceTree = "<group>";
		};
/* End PBXGroup section */

/* Begin PBXNativeTarget section */
		C538B569281DCB770030D529 /* Today */ = {
			isa = PBXNativeTarget;
			buildConfigurationList = C538B594281DCB780030D529 /* Build configuration list for PBXNativeTarget "Today" */;
			buildPhases = (
				C538B566281DCB770030D529 /* Sources */,
				C538B567281DCB770030D529 /* Frameworks */,
				C538B568281DCB770030D529 /* Resources */,
			);
			buildRules = (
			);
			dependencies = (
			);
			name = Today;
			productName = Today;
			productReference = C538B56A281DCB770030D529 /* Today.app */;
			productType = "com.apple.product-type.application";
		};
		C538B57F281DCB780030D529 /* TodayTests */ = {
			isa = PBXNativeTarget;
			buildConfigurationList = C538B597281DCB780030D529 /* Build configuration list for PBXNativeTarget "TodayTests" */;
			buildPhases = (
				C538B57C281DCB780030D529 /* Sources */,
				C538B57D281DCB780030D529 /* Frameworks */,
				C538B57E281DCB780030D529 /* Resources */,
			);
			buildRules = (
			);
			dependencies = (
				C538B582281DCB780030D529 /* PBXTargetDependency */,
			);
			name = TodayTests;
			productName = TodayTests;
			productReference = C538B580281DCB780030D529 /* TodayTests.xctest */;
			productType = "com.apple.product-type.bundle.unit-test";
		};
		C538B589281DCB780030D529 /* TodayUITests */ = {
			isa = PBXNativeTarget;
			buildConfigurationList = C538B59A281DCB780030D529 /* Build configuration list for PBXNativeTarget "TodayUITests" */;
			buildPhases = (
				C538B586281DCB780030D529 /* Sources */,
				C538B587281DCB780030D529 /* Frameworks */,
				C538B588281DCB780030D529 /* Resources */,
			);
			buildRules = (
			);
			dependencies = (
				C538B58C281DCB780030D529 /* PBXTargetDependency */,
			);
			name = TodayUITests;
			productName = TodayUITests;
			productReference = C538B58A281DCB780030D529 /* TodayUITests.xctest */;
			productType = "com.apple.product-type.bundle.ui-testing";
		};
/* End PBXNativeTarget section */

/* Begin PBXProject section */
		C538B562281DCB770030D529 /* Project object */ = {
			isa = PBXProject;
			attributes = {
				BuildIndependentTargetsInParallel = 1;
				LastSwiftUpdateCheck = 1330;
				LastUpgradeCheck = 1330;
				TargetAttributes = {
					C538B569281DCB770030D529 = {
						CreatedOnToolsVersion = 13.3;
					};
					C538B57F281DCB780030D529 = {
						CreatedOnToolsVersion = 13.3;
						TestTargetID = C538B569281DCB770030D529;
					};
					C538B589281DCB780030D529 = {
						CreatedOnToolsVersion = 13.3;
						TestTargetID = C538B569281DCB770030D529;
					};
				};
			};
			buildConfigurationList = C538B565281DCB770030D529 /* Build configuration list for PBXProject "Today" */;
			compatibilityVersion = "Xcode 13.0";
			developmentRegion = en;
			hasScannedForEncodings = 0;
			knownRegions = (
				en,
				Base,
			);
			mainGroup = C538B561281DCB770030D529;
			productRefGroup = C538B56B281DCB770030D529 /* Products */;
			projectDirPath = "";
			projectRoot = "";
			targets = (
				C538B569281DCB770030D529 /* Today */,
				C538B57F281DCB780030D529 /* TodayTests */,
				C538B589281DCB780030D529 /* TodayUITests */,
			);
		};
/* End PBXProject section */

/* Begin PBXResourcesBuildPhase section */
		C538B568281DCB770030D529 /* Resources */ = {
			isa = PBXResourcesBuildPhase;
			buildActionMask = 2147483647;
			files = (
				C538B57A281DCB780030D529 /* LaunchScreen.storyboard in Resources */,
				C538B577281DCB780030D529 /* Assets.xcassets in Resources */,
				C538B575281DCB770030D529 /* Main.storyboard in Resources */,
			);
			runOnlyForDeploymentPostprocessing = 0;
		};
		C538B57E281DCB780030D529 /* Resources */ = {
			isa = PBXResourcesBuildPhase;
			buildActionMask = 2147483647;
			files = (
			);
			runOnlyForDeploymentPostprocessing = 0;
		};
		C538B588281DCB780030D529 /* Resources */ = {
			isa = PBXResourcesBuildPhase;
			buildActionMask = 2147483647;
			files = (
			);
			runOnlyForDeploymentPostprocessing = 0;
		};
/* End PBXResourcesBuildPhase section */

/* Begin PBXSourcesBuildPhase section */
		C538B566281DCB770030D529 /* Sources */ = {
			isa = PBXSourcesBuildPhase;
			buildActionMask = 2147483647;
			files = (
				C538B572281DCB770030D529 /* ViewController.swift in Sources */,
				C538B56E281DCB770030D529 /* AppDelegate.swift in Sources */,
				C538B570281DCB770030D529 /* SceneDelegate.swift in Sources */,
			);
			runOnlyForDeploymentPostprocessing = 0;
		};
		C538B57C281DCB780030D529 /* Sources */ = {
			isa = PBXSourcesBuildPhase;
			buildActionMask = 2147483647;
			files = (
				C538B585281DCB780030D529 /* TodayTests.swift in Sources */,
			);
			runOnlyForDeploymentPostprocessing = 0;
		};
		C538B586281DCB780030D529 /* Sources */ = {
			isa = PBXSourcesBuildPhase;
			buildActionMask = 2147483647;
			files = (
				C538B591281DCB780030D529 /* TodayUITestsLaunchTests.swift in Sources */,
				C538B58F281DCB780030D529 /* TodayUITests.swift in Sources */,
			);
			runOnlyForDeploymentPostprocessing = 0;
		};
/* End PBXSourcesBuildPhase section */

/* Begin PBXTargetDependency section */
		C538B582281DCB780030D529 /* PBXTargetDependency */ = {
			isa = PBXTargetDependency;
			target = C538B569281DCB770030D529 /* Today */;
			targetProxy = C538B581281DCB780030D529 /* PBXContainerItemProxy */;
		};
		C538B58C281DCB780030D529 /* PBXTargetDependency */ = {
			isa = PBXTargetDependency;
			target = C538B569281DCB770030D529 /* Today */;
			targetProxy = C538B58B281DCB780030D529 /* PBXContainerItemProxy */;
		};
/* End PBXTargetDependency section */

/* Begin PBXVariantGroup section */
		C538B573281DCB770030D529 /* Main.storyboard */ = {
			isa = PBXVariantGroup;
			children = (
				C538B574281DCB770030D529 /* Base */,
			);
			name = Main.storyboard;
			sourceTree = "<group>";
		};
		C538B578281DCB780030D529 /* LaunchScreen.storyboard */ = {
			isa = PBXVariantGroup;
			children = (
				C538B579281DCB780030D529 /* Base */,
			);
			name = LaunchScreen.storyboard;
			sourceTree = "<group>";
		};
/* End PBXVariantGroup section */

/* Begin XCBuildConfiguration section */
		C538B592281DCB780030D529 /* Debug */ = {
			isa = XCBuildConfiguration;
			buildSettings = {
				ALWAYS_SEARCH_USER_PATHS = NO;
				CLANG_ANALYZER_NONNULL = YES;
				CLANG_ANALYZER_NUMBER_OBJECT_CONVERSION = YES_AGGRESSIVE;
				CLANG_CXX_LANGUAGE_STANDARD = "gnu++17";
				CLANG_ENABLE_MODULES = YES;
				CLANG_ENABLE_OBJC_ARC = YES;
				CLANG_ENABLE_OBJC_WEAK = YES;
				CLANG_WARN_BLOCK_CAPTURE_AUTORELEASING = YES;
				CLANG_WARN_BOOL_CONVERSION = YES;
				CLANG_WARN_COMMA = YES;
				CLANG_WARN_CONSTANT_CONVERSION = YES;
				CLANG_WARN_DEPRECATED_OBJC_IMPLEMENTATIONS = YES;
				CLANG_WARN_DIRECT_OBJC_ISA_USAGE = YES_ERROR;
				CLANG_WARN_DOCUMENTATION_COMMENTS = YES;
				CLANG_WARN_EMPTY_BODY = YES;
				CLANG_WARN_ENUM_CONVERSION = YES;
				CLANG_WARN_INFINITE_RECURSION = YES;
				CLANG_WARN_INT_CONVERSION = YES;
				CLANG_WARN_NON_LITERAL_NULL_CONVERSION = YES;
				CLANG_WARN_OBJC_IMPLICIT_RETAIN_SELF = YES;
				CLANG_WARN_OBJC_LITERAL_CONVERSION = YES;
				CLANG_WARN_OBJC_ROOT_CLASS = YES_ERROR;
				CLANG_WARN_QUOTED_INCLUDE_IN_FRAMEWORK_HEADER = YES;
				CLANG_WARN_RANGE_LOOP_ANALYSIS = YES;
				CLANG_WARN_STRICT_PROTOTYPES = YES;
				CLANG_WARN_SUSPICIOUS_MOVE = YES;
				CLANG_WARN_UNGUARDED_AVAILABILITY = YES_AGGRESSIVE;
				CLANG_WARN_UNREACHABLE_CODE = YES;
				CLANG_WARN__DUPLICATE_METHOD_MATCH = YES;
				COPY_PHASE_STRIP = NO;
				DEBUG_INFORMATION_FORMAT = dwarf;
				ENABLE_STRICT_OBJC_MSGSEND = YES;
				ENABLE_TESTABILITY = YES;
				GCC_C_LANGUAGE_STANDARD = gnu11;
				GCC_DYNAMIC_NO_PIC = NO;
				GCC_NO_COMMON_BLOCKS = YES;
				GCC_OPTIMIZATION_LEVEL = 0;
				GCC_PREPROCESSOR_DEFINITIONS = (
					"DEBUG=1",
					"$(inherited)",
				);
				GCC_WARN_64_TO_32_BIT_CONVERSION = YES;
				GCC_WARN_ABOUT_RETURN_TYPE = YES_ERROR;
				GCC_WARN_UNDECLARED_SELECTOR = YES;
				GCC_WARN_UNINITIALIZED_AUTOS = YES_AGGRESSIVE;
				GCC_WARN_UNUSED_FUNCTION = YES;
				GCC_WARN_UNUSED_VARIABLE = YES;
				IPHONEOS_DEPLOYMENT_TARGET = 15.4;
				MTL_ENABLE_DEBUG_INFO = INCLUDE_SOURCE;
				MTL_FAST_MATH = YES;
				ONLY_ACTIVE_ARCH = YES;
				SDKROOT = iphoneos;
				SWIFT_ACTIVE_COMPILATION_CONDITIONS = DEBUG;
				SWIFT_OPTIMIZATION_LEVEL = "-Onone";
			};
			name = Debug;
		};
		C538B593281DCB780030D529 /* Release */ = {
			isa = XCBuildConfiguration;
			buildSettings = {
				ALWAYS_SEARCH_USER_PATHS = NO;
				CLANG_ANALYZER_NONNULL = YES;
				CLANG_ANALYZER_NUMBER_OBJECT_CONVERSION = YES_AGGRESSIVE;
				CLANG_CXX_LANGUAGE_STANDARD = "gnu++17";
				CLANG_ENABLE_MODULES = YES;
				CLANG_ENABLE_OBJC_ARC = YES;
				CLANG_ENABLE_OBJC_WEAK = YES;
				CLANG_WARN_BLOCK_CAPTURE_AUTORELEASING = YES;
				CLANG_WARN_BOOL_CONVERSION = YES;
				CLANG_WARN_COMMA = YES;
				CLANG_WARN_CONSTANT_CONVERSION = YES;
				CLANG_WARN_DEPRECATED_OBJC_IMPLEMENTATIONS = YES;
				CLANG_WARN_DIRECT_OBJC_ISA_USAGE = YES_ERROR;
				CLANG_WARN_DOCUMENTATION_COMMENTS = YES;
				CLANG_WARN_EMPTY_BODY = YES;
				CLANG_WARN_ENUM_CONVERSION = YES;
				CLANG_WARN_INFINITE_RECURSION = YES;
				CLANG_WARN_INT_CONVERSION = YES;
				CLANG_WARN_NON_LITERAL_NULL_CONVERSION = YES;
				CLANG_WARN_OBJC_IMPLICIT_RETAIN_SELF = YES;
				CLANG_WARN_OBJC_LITERAL_CONVERSION = YES;
				CLANG_WARN_OBJC_ROOT_CLASS = YES_ERROR;
				CLANG_WARN_QUOTED_INCLUDE_IN_FRAMEWORK_HEADER = YES;
				CLANG_WARN_RANGE_LOOP_ANALYSIS = YES;
				CLANG_WARN_STRICT_PROTOTYPES = YES;
				CLANG_WARN_SUSPICIOUS_MOVE = YES;
				CLANG_WARN_UNGUARDED_AVAILABILITY = YES_AGGRESSIVE;
				CLANG_WARN_UNREACHABLE_CODE = YES;
				CLANG_WARN__DUPLICATE_METHOD_MATCH = YES;
				COPY_PHASE_STRIP = NO;
				DEBUG_INFORMATION_FORMAT = "dwarf-with-dsym";
				ENABLE_NS_ASSERTIONS = NO;
				ENABLE_STRICT_OBJC_MSGSEND = YES;
				GCC_C_LANGUAGE_STANDARD = gnu11;
				GCC_NO_COMMON_BLOCKS = YES;
				GCC_WARN_64_TO_32_BIT_CONVERSION = YES;
				GCC_WARN_ABOUT_RETURN_TYPE = YES_ERROR;
				GCC_WARN_UNDECLARED_SELECTOR = YES;
				GCC_WARN_UNINITIALIZED_AUTOS = YES_AGGRESSIVE;
				GCC_WARN_UNUSED_FUNCTION = YES;
				GCC_WARN_UNUSED_VARIABLE = YES;
				IPHONEOS_DEPLOYMENT_TARGET = 15.4;
				MTL_ENABLE_DEBUG_INFO = NO;
				MTL_FAST_MATH = YES;
				SDKROOT = iphoneos;
				SWIFT_COMPILATION_MODE = wholemodule;
				SWIFT_OPTIMIZATION_LEVEL = "-O";
				VALIDATE_PRODUCT = YES;
			};
			name = Release;
		};
		C538B595281DCB780030D529 /* Debug */ = {
			isa = XCBuildConfiguration;
			buildSettings = {
				ASSETCATALOG_COMPILER_APPICON_NAME = AppIcon;
				ASSETCATALOG_COMPILER_GLOBAL_ACCENT_COLOR_NAME = AccentColor;
				CODE_SIGN_STYLE = Automatic;
				CURRENT_PROJECT_VERSION = 1;
				DEVELOPMENT_TEAM = ZD97Q7SJ7F;
				GENERATE_INFOPLIST_FILE = YES;
				INFOPLIST_FILE = Today/Info.plist;
				INFOPLIST_KEY_UIApplicationSupportsIndirectInputEvents = YES;
				INFOPLIST_KEY_UILaunchStoryboardName = LaunchScreen;
				INFOPLIST_KEY_UIMainStoryboardFile = Main;
				INFOPLIST_KEY_UISupportedInterfaceOrientations_iPad = "UIInterfaceOrientationPortrait UIInterfaceOrientationPortraitUpsideDown UIInterfaceOrientationLandscapeLeft UIInterfaceOrientationLandscapeRight";
				INFOPLIST_KEY_UISupportedInterfaceOrientations_iPhone = "UIInterfaceOrientationPortrait UIInterfaceOrientationLandscapeLeft UIInterfaceOrientationLandscapeRight";
				LD_RUNPATH_SEARCH_PATHS = (
					"$(inherited)",
					"@executable_path/Frameworks",
				);
				MARKETING_VERSION = 1.0;
				PRODUCT_BUNDLE_IDENTIFIER = com.gchammas23.Today;
				PRODUCT_NAME = "$(TARGET_NAME)";
				SWIFT_EMIT_LOC_STRINGS = YES;
				SWIFT_VERSION = 5.0;
				TARGETED_DEVICE_FAMILY = "1,2";
			};
			name = Debug;
		};
		C538B596281DCB780030D529 /* Release */ = {
			isa = XCBuildConfiguration;
			buildSettings = {
				ASSETCATALOG_COMPILER_APPICON_NAME = AppIcon;
				ASSETCATALOG_COMPILER_GLOBAL_ACCENT_COLOR_NAME = AccentColor;
				CODE_SIGN_STYLE = Automatic;
				CURRENT_PROJECT_VERSION = 1;
				DEVELOPMENT_TEAM = ZD97Q7SJ7F;
				GENERATE_INFOPLIST_FILE = YES;
				INFOPLIST_FILE = Today/Info.plist;
				INFOPLIST_KEY_UIApplicationSupportsIndirectInputEvents = YES;
				INFOPLIST_KEY_UILaunchStoryboardName = LaunchScreen;
				INFOPLIST_KEY_UIMainStoryboardFile = Main;
				INFOPLIST_KEY_UISupportedInterfaceOrientations_iPad = "UIInterfaceOrientationPortrait UIInterfaceOrientationPortraitUpsideDown UIInterfaceOrientationLandscapeLeft UIInterfaceOrientationLandscapeRight";
				INFOPLIST_KEY_UISupportedInterfaceOrientations_iPhone = "UIInterfaceOrientationPortrait UIInterfaceOrientationLandscapeLeft UIInterfaceOrientationLandscapeRight";
				LD_RUNPATH_SEARCH_PATHS = (
					"$(inherited)",
					"@executable_path/Frameworks",
				);
				MARKETING_VERSION = 1.0;
				PRODUCT_BUNDLE_IDENTIFIER = com.gchammas23.Today;
				PRODUCT_NAME = "$(TARGET_NAME)";
				SWIFT_EMIT_LOC_STRINGS = YES;
				SWIFT_VERSION = 5.0;
				TARGETED_DEVICE_FAMILY = "1,2";
			};
			name = Release;
		};
		C538B598281DCB780030D529 /* Debug */ = {
			isa = XCBuildConfiguration;
			buildSettings = {
				ALWAYS_EMBED_SWIFT_STANDARD_LIBRARIES = YES;
				BUNDLE_LOADER = "$(TEST_HOST)";
				CODE_SIGN_STYLE = Automatic;
				CURRENT_PROJECT_VERSION = 1;
				DEVELOPMENT_TEAM = ZD97Q7SJ7F;
				GENERATE_INFOPLIST_FILE = YES;
				IPHONEOS_DEPLOYMENT_TARGET = 15.4;
				MARKETING_VERSION = 1.0;
				PRODUCT_BUNDLE_IDENTIFIER = com.gchammas23.TodayTests;
				PRODUCT_NAME = "$(TARGET_NAME)";
				SWIFT_EMIT_LOC_STRINGS = NO;
				SWIFT_VERSION = 5.0;
				TARGETED_DEVICE_FAMILY = "1,2";
				TEST_HOST = "$(BUILT_PRODUCTS_DIR)/Today.app/Today";
			};
			name = Debug;
		};
		C538B599281DCB780030D529 /* Release */ = {
			isa = XCBuildConfiguration;
			buildSettings = {
				ALWAYS_EMBED_SWIFT_STANDARD_LIBRARIES = YES;
				BUNDLE_LOADER = "$(TEST_HOST)";
				CODE_SIGN_STYLE = Automatic;
				CURRENT_PROJECT_VERSION = 1;
				DEVELOPMENT_TEAM = ZD97Q7SJ7F;
				GENERATE_INFOPLIST_FILE = YES;
				IPHONEOS_DEPLOYMENT_TARGET = 15.4;
				MARKETING_VERSION = 1.0;
				PRODUCT_BUNDLE_IDENTIFIER = com.gchammas23.TodayTests;
				PRODUCT_NAME = "$(TARGET_NAME)";
				SWIFT_EMIT_LOC_STRINGS = NO;
				SWIFT_VERSION = 5.0;
				TARGETED_DEVICE_FAMILY = "1,2";
				TEST_HOST = "$(BUILT_PRODUCTS_DIR)/Today.app/Today";
			};
			name = Release;
		};
		C538B59B281DCB780030D529 /* Debug */ = {
			isa = XCBuildConfiguration;
			buildSettings = {
				ALWAYS_EMBED_SWIFT_STANDARD_LIBRARIES = YES;
				CODE_SIGN_STYLE = Automatic;
				CURRENT_PROJECT_VERSION = 1;
				DEVELOPMENT_TEAM = ZD97Q7SJ7F;
				GENERATE_INFOPLIST_FILE = YES;
				MARKETING_VERSION = 1.0;
				PRODUCT_BUNDLE_IDENTIFIER = com.gchammas23.TodayUITests;
				PRODUCT_NAME = "$(TARGET_NAME)";
				SWIFT_EMIT_LOC_STRINGS = NO;
				SWIFT_VERSION = 5.0;
				TARGETED_DEVICE_FAMILY = "1,2";
				TEST_TARGET_NAME = Today;
			};
			name = Debug;
		};
		C538B59C281DCB780030D529 /* Release */ = {
			isa = XCBuildConfiguration;
			buildSettings = {
				ALWAYS_EMBED_SWIFT_STANDARD_LIBRARIES = YES;
				CODE_SIGN_STYLE = Automatic;
				CURRENT_PROJECT_VERSION = 1;
				DEVELOPMENT_TEAM = ZD97Q7SJ7F;
				GENERATE_INFOPLIST_FILE = YES;
				MARKETING_VERSION = 1.0;
				PRODUCT_BUNDLE_IDENTIFIER = com.gchammas23.TodayUITests;
				PRODUCT_NAME = "$(TARGET_NAME)";
				SWIFT_EMIT_LOC_STRINGS = NO;
				SWIFT_VERSION = 5.0;
				TARGETED_DEVICE_FAMILY = "1,2";
				TEST_TARGET_NAME = Today;
			};
			name = Release;
		};
/* End XCBuildConfiguration section */

/* Begin XCConfigurationList section */
		C538B565281DCB770030D529 /* Build configuration list for PBXProject "Today" */ = {
			isa = XCConfigurationList;
			buildConfigurations = (
				C538B592281DCB780030D529 /* Debug */,
				C538B593281DCB780030D529 /* Release */,
			);
			defaultConfigurationIsVisible = 0;
			defaultConfigurationName = Release;
		};
		C538B594281DCB780030D529 /* Build configuration list for PBXNativeTarget "Today" */ = {
			isa = XCConfigurationList;
			buildConfigurations = (
				C538B595281DCB780030D529 /* Debug */,
				C538B596281DCB780030D529 /* Release */,
			);
			defaultConfigurationIsVisible = 0;
			defaultConfigurationName = Release;
		};
		C538B597281DCB780030D529 /* Build configuration list for PBXNativeTarget "TodayTests" */ = {
			isa = XCConfigurationList;
			buildConfigurations = (
				C538B598281DCB780030D529 /* Debug */,
				C538B599281DCB780030D529 /* Release */,
			);
			defaultConfigurationIsVisible = 0;
			defaultConfigurationName = Release;
		};
		C538B59A281DCB780030D529 /* Build configuration list for PBXNativeTarget "TodayUITests" */ = {
			isa = XCConfigurationList;
			buildConfigurations = (
				C538B59B281DCB780030D529 /* Debug */,
				C538B59C281DCB780030D529 /* Release */,
			);
			defaultConfigurationIsVisible = 0;
			defaultConfigurationName = Release;
		};
/* End XCConfigurationList section */
	};
	rootObject = C538B562281DCB770030D529 /* Project object */;
}
